%{"connection": {:hex, :connection, "1.0.4", "a1cae72211f0eef17705aaededacac3eb30e6625b04a6117c1b2db6ace7d5976", [:mix], [], "hexpm"},
  "msgpax": {:hex, :msgpax, "1.1.0", "e31625e256db2decca1ae2b841f21b4d2483b1332649ce3ebc96c7ff7a4986e3", [], [{:plug, "~> 1.0", [hex: :plug, repo: "hexpm", optional: true]}], "hexpm"}}
